
Microsoft Visual Studio Solution File, Format Version 12.00
# Visual Studio Version 16
VisualStudioVersion = 16.0.35931.194
MinimumVisualStudioVersion = 10.0.40219.1
Project("{FAE04EC0-301F-11D3-BF4B-00C04F79EFBC}") = "TextRPG_Team23", "TextRPG_Team23\TextRPG_Team23.csproj", "{B894372A-CC7B-4722-85A2-E51085D42A31}"
EndProject
Global
	GlobalSection(SolutionConfigurationPlatforms) = preSolution
		Debug|Any CPU = Debug|Any CPU
		Release|Any CPU = Release|Any CPU
	EndGlobalSection
	GlobalSection(ProjectConfigurationPlatforms) = postSolution
		{B894372A-CC7B-4722-85A2-E51085D42A31}.Debug|Any CPU.ActiveCfg = Debug|Any CPU
		{B894372A-CC7B-4722-85A2-E51085D42A31}.Debug|Any CPU.Build.0 = Debug|Any CPU
		{B894372A-CC7B-4722-85A2-E51085D42A31}.Release|Any CPU.ActiveCfg = Release|Any CPU
		{B894372A-CC7B-4722-85A2-E51085D42A31}.Release|Any CPU.Build.0 = Release|Any CPU
	EndGlobalSection
	GlobalSection(SolutionProperties) = preSolution
		HideSolutionNode = FALSE
	EndGlobalSection
	GlobalSection(ExtensibilityGlobals) = postSolution
		SolutionGuid = {A813EFE7-9887-4B37-80DE-A1F27B0E6B84}
	EndGlobalSection
EndGlobal
